// !$*UTF8*$!
{
	archiveVersion = 1;
	classes = {
	};
	objectVersion = 56;
	objects = {

/* Begin PBXBuildFile section */
		05340D5029CC6B9E00D2688D /* AudiType-Bold.ttf in Resources */ = {isa = PBXBuildFile; fileRef = 05340D4F29CC6B9E00D2688D /* AudiType-Bold.ttf */; };
		05340D5429CC732400D2688D /* ContentView.swift in Sources */ = {isa = PBXBuildFile; fileRef = 05340D5329CC732400D2688D /* ContentView.swift */; };
		05340D5629CCDA9A00D2688D /* AudiType.ttf in Resources */ = {isa = PBXBuildFile; fileRef = 05340D5529CCDA9A00D2688D /* AudiType.ttf */; };
		054C255129AD38C8008F55F4 /* _3_4_Module_SwiftUI_FinalProjectApp.swift in Sources */ = {isa = PBXBuildFile; fileRef = 054C255029AD38C8008F55F4 /* _3_4_Module_SwiftUI_FinalProjectApp.swift */; };
		054C255329AD38C9008F55F4 /* StartPage.swift in Sources */ = {isa = PBXBuildFile; fileRef = 054C255229AD38C9008F55F4 /* StartPage.swift */; };
		054C255529AD38CA008F55F4 /* Assets.xcassets in Resources */ = {isa = PBXBuildFile; fileRef = 054C255429AD38CA008F55F4 /* Assets.xcassets */; };
		054C255829AD38CA008F55F4 /* Preview Assets.xcassets in Resources */ = {isa = PBXBuildFile; fileRef = 054C255729AD38CA008F55F4 /* Preview Assets.xcassets */; };
		054C255F29AD4C51008F55F4 /* AutoObject.swift in Sources */ = {isa = PBXBuildFile; fileRef = 054C255E29AD4C51008F55F4 /* AutoObject.swift */; };
/* End PBXBuildFile section */

/* Begin PBXFileReference section */
		05340D4E29CC63BE00D2688D /* -3-4-Module-SwiftUI-FinalProject-Info.plist */ = {isa = PBXFileReference; lastKnownFileType = text.plist; path = "-3-4-Module-SwiftUI-FinalProject-Info.plist"; sourceTree = SOURCE_ROOT; };
		05340D4F29CC6B9E00D2688D /* AudiType-Bold.ttf */ = {isa = PBXFileReference; lastKnownFileType = file; path = "AudiType-Bold.ttf"; sourceTree = "<group>"; };
		05340D5329CC732400D2688D /* ContentView.swift */ = {isa = PBXFileReference; lastKnownFileType = sourcecode.swift; path = ContentView.swift; sourceTree = "<group>"; };
		05340D5529CCDA9A00D2688D /* AudiType.ttf */ = {isa = PBXFileReference; lastKnownFileType = file; path = AudiType.ttf; sourceTree = "<group>"; };
		054C254D29AD38C8008F55F4 /* 43.4_Module.SwiftUI.FinalProject.app */ = {isa = PBXFileReference; explicitFileType = wrapper.application; includeInIndex = 0; path = 43.4_Module.SwiftUI.FinalProject.app; sourceTree = BUILT_PRODUCTS_DIR; };
		054C255029AD38C8008F55F4 /* _3_4_Module_SwiftUI_FinalProjectApp.swift */ = {isa = PBXFileReference; lastKnownFileType = sourcecode.swift; path = _3_4_Module_SwiftUI_FinalProjectApp.swift; sourceTree = "<group>"; };
		054C255229AD38C9008F55F4 /* StartPage.swift */ = {isa = PBXFileReference; lastKnownFileType = sourcecode.swift; path = StartPage.swift; sourceTree = "<group>"; };
		054C255429AD38CA008F55F4 /* Assets.xcassets */ = {isa = PBXFileReference; lastKnownFileType = folder.assetcatalog; path = Assets.xcassets; sourceTree = "<group>"; };
		054C255729AD38CA008F55F4 /* Preview Assets.xcassets */ = {isa = PBXFileReference; lastKnownFileType = folder.assetcatalog; path = "Preview Assets.xcassets"; sourceTree = "<group>"; };
		054C255E29AD4C51008F55F4 /* AutoObject.swift */ = {isa = PBXFileReference; lastKnownFileType = sourcecode.swift; path = AutoObject.swift; sourceTree = "<group>"; };
/* End PBXFileReference section */

/* Begin PBXFrameworksBuildPhase section */
		054C254A29AD38C8008F55F4 /* Frameworks */ = {
			isa = PBXFrameworksBuildPhase;
			buildActionMask = 2147483647;
			files = (
			);
			runOnlyForDeploymentPostprocessing = 0;
		};
/* End PBXFrameworksBuildPhase section */

/* Begin PBXGroup section */
		054C254429AD38C8008F55F4 = {
			isa = PBXGroup;
			children = (
				05340D4F29CC6B9E00D2688D /* AudiType-Bold.ttf */,
				05340D5529CCDA9A00D2688D /* AudiType.ttf */,
				054C254F29AD38C8008F55F4 /* 43.4_Module.SwiftUI.FinalProject */,
				054C254E29AD38C8008F55F4 /* Products */,
			);
			sourceTree = "<group>";
		};
		054C254E29AD38C8008F55F4 /* Products */ = {
			isa = PBXGroup;
			children = (
				054C254D29AD38C8008F55F4 /* 43.4_Module.SwiftUI.FinalProject.app */,
			);
			name = Products;
			sourceTree = "<group>";
		};
		054C254F29AD38C8008F55F4 /* 43.4_Module.SwiftUI.FinalProject */ = {
			isa = PBXGroup;
			children = (
				05340D4E29CC63BE00D2688D /* -3-4-Module-SwiftUI-FinalProject-Info.plist */,
				054C255029AD38C8008F55F4 /* _3_4_Module_SwiftUI_FinalProjectApp.swift */,
				054C255229AD38C9008F55F4 /* StartPage.swift */,
				054C255E29AD4C51008F55F4 /* AutoObject.swift */,
				05340D5329CC732400D2688D /* ContentView.swift */,
				054C255429AD38CA008F55F4 /* Assets.xcassets */,
				054C255629AD38CA008F55F4 /* Preview Content */,
			);
			path = 43.4_Module.SwiftUI.FinalProject;
			sourceTree = "<group>";
		};
		054C255629AD38CA008F55F4 /* Preview Content */ = {
			isa = PBXGroup;
			children = (
				054C255729AD38CA008F55F4 /* Preview Assets.xcassets */,
			);
			path = "Preview Content";
			sourceTree = "<group>";
		};
/* End PBXGroup section */

/* Begin PBXNativeTarget section */
		054C254C29AD38C8008F55F4 /* 43.4_Module.SwiftUI.FinalProject */ = {
			isa = PBXNativeTarget;
			buildConfigurationList = 054C255B29AD38CA008F55F4 /* Build configuration list for PBXNativeTarget "43.4_Module.SwiftUI.FinalProject" */;
			buildPhases = (
				054C254929AD38C8008F55F4 /* Sources */,
				054C254A29AD38C8008F55F4 /* Frameworks */,
				054C254B29AD38C8008F55F4 /* Resources */,
			);
			buildRules = (
			);
			dependencies = (
			);
			name = 43.4_Module.SwiftUI.FinalProject;
			productName = 43.4_Module.SwiftUI.FinalProject;
			productReference = 054C254D29AD38C8008F55F4 /* 43.4_Module.SwiftUI.FinalProject.app */;
			productType = "com.apple.product-type.application";
		};
/* End PBXNativeTarget section */

/* Begin PBXProject section */
		054C254529AD38C8008F55F4 /* Project object */ = {
			isa = PBXProject;
			attributes = {
				BuildIndependentTargetsInParallel = 1;
				LastSwiftUpdateCheck = 1410;
				LastUpgradeCheck = 1410;
				TargetAttributes = {
					054C254C29AD38C8008F55F4 = {
						CreatedOnToolsVersion = 14.1;
					};
				};
			};
			buildConfigurationList = 054C254829AD38C8008F55F4 /* Build configuration list for PBXProject "43.4_Module.SwiftUI.FinalProject" */;
			compatibilityVersion = "Xcode 14.0";
			developmentRegion = en;
			hasScannedForEncodings = 0;
			knownRegions = (
				en,
				Base,
			);
			mainGroup = 054C254429AD38C8008F55F4;
			productRefGroup = 054C254E29AD38C8008F55F4 /* Products */;
			projectDirPath = "";
			projectRoot = "";
			targets = (
				054C254C29AD38C8008F55F4 /* 43.4_Module.SwiftUI.FinalProject */,
			);
		};
/* End PBXProject section */

/* Begin PBXResourcesBuildPhase section */
		054C254B29AD38C8008F55F4 /* Resources */ = {
			isa = PBXResourcesBuildPhase;
			buildActionMask = 2147483647;
			files = (
				05340D5029CC6B9E00D2688D /* AudiType-Bold.ttf in Resources */,
				05340D5629CCDA9A00D2688D /* AudiType.ttf in Resources */,
				054C255829AD38CA008F55F4 /* Preview Assets.xcassets in Resources */,
				054C255529AD38CA008F55F4 /* Assets.xcassets in Resources */,
			);
			runOnlyForDeploymentPostprocessing = 0;
		};
/* End PBXResourcesBuildPhase section */

/* Begin PBXSourcesBuildPhase section */
		054C254929AD38C8008F55F4 /* Sources */ = {
			isa = PBXSourcesBuildPhase;
			buildActionMask = 2147483647;
			files = (
				054C255329AD38C9008F55F4 /* StartPage.swift in Sources */,
				054C255F29AD4C51008F55F4 /* AutoObject.swift in Sources */,
				05340D5429CC732400D2688D /* ContentView.swift in Sources */,
				054C255129AD38C8008F55F4 /* _3_4_Module_SwiftUI_FinalProjectApp.swift in Sources */,
			);
			runOnlyForDeploymentPostprocessing = 0;
		};
/* End PBXSourcesBuildPhase section */

/* Begin XCBuildConfiguration section */
		054C255929AD38CA008F55F4 /* Debug */ = {
			isa = XCBuildConfiguration;
			buildSettings = {
				ALWAYS_SEARCH_USER_PATHS = NO;
				CLANG_ANALYZER_NONNULL = YES;
				CLANG_ANALYZER_NUMBER_OBJECT_CONVERSION = YES_AGGRESSIVE;
				CLANG_CXX_LANGUAGE_STANDARD = "gnu++20";
				CLANG_ENABLE_MODULES = YES;
				CLANG_ENABLE_OBJC_ARC = YES;
				CLANG_ENABLE_OBJC_WEAK = YES;
				CLANG_WARN_BLOCK_CAPTURE_AUTORELEASING = YES;
				CLANG_WARN_BOOL_CONVERSION = YES;
				CLANG_WARN_COMMA = YES;
				CLANG_WARN_CONSTANT_CONVERSION = YES;
				CLANG_WARN_DEPRECATED_OBJC_IMPLEMENTATIONS = YES;
				CLANG_WARN_DIRECT_OBJC_ISA_USAGE = YES_ERROR;
				CLANG_WARN_DOCUMENTATION_COMMENTS = YES;
				CLANG_WARN_EMPTY_BODY = YES;
				CLANG_WARN_ENUM_CONVERSION = YES;
				CLANG_WARN_INFINITE_RECURSION = YES;
				CLANG_WARN_INT_CONVERSION = YES;
				CLANG_WARN_NON_LITERAL_NULL_CONVERSION = YES;
				CLANG_WARN_OBJC_IMPLICIT_RETAIN_SELF = YES;
				CLANG_WARN_OBJC_LITERAL_CONVERSION = YES;
				CLANG_WARN_OBJC_ROOT_CLASS = YES_ERROR;
				CLANG_WARN_QUOTED_INCLUDE_IN_FRAMEWORK_HEADER = YES;
				CLANG_WARN_RANGE_LOOP_ANALYSIS = YES;
				CLANG_WARN_STRICT_PROTOTYPES = YES;
				CLANG_WARN_SUSPICIOUS_MOVE = YES;
				CLANG_WARN_UNGUARDED_AVAILABILITY = YES_AGGRESSIVE;
				CLANG_WARN_UNREACHABLE_CODE = YES;
				CLANG_WARN__DUPLICATE_METHOD_MATCH = YES;
				COPY_PHASE_STRIP = NO;
				DEBUG_INFORMATION_FORMAT = dwarf;
				ENABLE_STRICT_OBJC_MSGSEND = YES;
				ENABLE_TESTABILITY = YES;
				GCC_C_LANGUAGE_STANDARD = gnu11;
				GCC_DYNAMIC_NO_PIC = NO;
				GCC_NO_COMMON_BLOCKS = YES;
				GCC_OPTIMIZATION_LEVEL = 0;
				GCC_PREPROCESSOR_DEFINITIONS = (
					"DEBUG=1",
					"$(inherited)",
				);
				GCC_WARN_64_TO_32_BIT_CONVERSION = YES;
				GCC_WARN_ABOUT_RETURN_TYPE = YES_ERROR;
				GCC_WARN_UNDECLARED_SELECTOR = YES;
				GCC_WARN_UNINITIALIZED_AUTOS = YES_AGGRESSIVE;
				GCC_WARN_UNUSED_FUNCTION = YES;
				GCC_WARN_UNUSED_VARIABLE = YES;
				IPHONEOS_DEPLOYMENT_TARGET = 16.1;
				MTL_ENABLE_DEBUG_INFO = INCLUDE_SOURCE;
				MTL_FAST_MATH = YES;
				ONLY_ACTIVE_ARCH = YES;
				SDKROOT = iphoneos;
				SWIFT_ACTIVE_COMPILATION_CONDITIONS = DEBUG;
				SWIFT_OPTIMIZATION_LEVEL = "-Onone";
			};
			name = Debug;
		};
		054C255A29AD38CA008F55F4 /* Release */ = {
			isa = XCBuildConfiguration;
			buildSettings = {
				ALWAYS_SEARCH_USER_PATHS = NO;
				CLANG_ANALYZER_NONNULL = YES;
				CLANG_ANALYZER_NUMBER_OBJECT_CONVERSION = YES_AGGRESSIVE;
				CLANG_CXX_LANGUAGE_STANDARD = "gnu++20";
				CLANG_ENABLE_MODULES = YES;
				CLANG_ENABLE_OBJC_ARC = YES;
				CLANG_ENABLE_OBJC_WEAK = YES;
				CLANG_WARN_BLOCK_CAPTURE_AUTORELEASING = YES;
				CLANG_WARN_BOOL_CONVERSION = YES;
				CLANG_WARN_COMMA = YES;
				CLANG_WARN_CONSTANT_CONVERSION = YES;
				CLANG_WARN_DEPRECATED_OBJC_IMPLEMENTATIONS = YES;
				CLANG_WARN_DIRECT_OBJC_ISA_USAGE = YES_ERROR;
				CLANG_WARN_DOCUMENTATION_COMMENTS = YES;
				CLANG_WARN_EMPTY_BODY = YES;
				CLANG_WARN_ENUM_CONVERSION = YES;
				CLANG_WARN_INFINITE_RECURSION = YES;
				CLANG_WARN_INT_CONVERSION = YES;
				CLANG_WARN_NON_LITERAL_NULL_CONVERSION = YES;
				CLANG_WARN_OBJC_IMPLICIT_RETAIN_SELF = YES;
				CLANG_WARN_OBJC_LITERAL_CONVERSION = YES;
				CLANG_WARN_OBJC_ROOT_CLASS = YES_ERROR;
				CLANG_WARN_QUOTED_INCLUDE_IN_FRAMEWORK_HEADER = YES;
				CLANG_WARN_RANGE_LOOP_ANALYSIS = YES;
				CLANG_WARN_STRICT_PROTOTYPES = YES;
				CLANG_WARN_SUSPICIOUS_MOVE = YES;
				CLANG_WARN_UNGUARDED_AVAILABILITY = YES_AGGRESSIVE;
				CLANG_WARN_UNREACHABLE_CODE = YES;
				CLANG_WARN__DUPLICATE_METHOD_MATCH = YES;
				COPY_PHASE_STRIP = NO;
				DEBUG_INFORMATION_FORMAT = "dwarf-with-dsym";
				ENABLE_NS_ASSERTIONS = NO;
				ENABLE_STRICT_OBJC_MSGSEND = YES;
				GCC_C_LANGUAGE_STANDARD = gnu11;
				GCC_NO_COMMON_BLOCKS = YES;
				GCC_WARN_64_TO_32_BIT_CONVERSION = YES;
				GCC_WARN_ABOUT_RETURN_TYPE = YES_ERROR;
				GCC_WARN_UNDECLARED_SELECTOR = YES;
				GCC_WARN_UNINITIALIZED_AUTOS = YES_AGGRESSIVE;
				GCC_WARN_UNUSED_FUNCTION = YES;
				GCC_WARN_UNUSED_VARIABLE = YES;
				IPHONEOS_DEPLOYMENT_TARGET = 16.1;
				MTL_ENABLE_DEBUG_INFO = NO;
				MTL_FAST_MATH = YES;
				SDKROOT = iphoneos;
				SWIFT_COMPILATION_MODE = wholemodule;
				SWIFT_OPTIMIZATION_LEVEL = "-O";
				VALIDATE_PRODUCT = YES;
			};
			name = Release;
		};
		054C255C29AD38CA008F55F4 /* Debug */ = {
			isa = XCBuildConfiguration;
			buildSettings = {
				ASSETCATALOG_COMPILER_APPICON_NAME = AppIcon;
				ASSETCATALOG_COMPILER_GLOBAL_ACCENT_COLOR_NAME = AccentColor;
				CODE_SIGN_STYLE = Automatic;
				CURRENT_PROJECT_VERSION = 1;
				DEVELOPMENT_ASSET_PATHS = "\"43.4_Module.SwiftUI.FinalProject/Preview Content\"";
				DEVELOPMENT_TEAM = SDG8Q2F8QF;
				ENABLE_PREVIEWS = YES;
				GENERATE_INFOPLIST_FILE = YES;
				INFOPLIST_FILE = "-3-4-Module-SwiftUI-FinalProject-Info.plist";
				INFOPLIST_KEY_UIApplicationSceneManifest_Generation = YES;
				INFOPLIST_KEY_UIApplicationSupportsIndirectInputEvents = YES;
				INFOPLIST_KEY_UILaunchScreen_Generation = YES;
				INFOPLIST_KEY_UISupportedInterfaceOrientations_iPad = "UIInterfaceOrientationPortrait UIInterfaceOrientationPortraitUpsideDown UIInterfaceOrientationLandscapeLeft UIInterfaceOrientationLandscapeRight";
				INFOPLIST_KEY_UISupportedInterfaceOrientations_iPhone = "UIInterfaceOrientationPortrait UIInterfaceOrientationLandscapeLeft UIInterfaceOrientationLandscapeRight";
				LD_RUNPATH_SEARCH_PATHS = (
					"$(inherited)",
					"@executable_path/Frameworks",
				);
				MARKETING_VERSION = 1.0;
				PRODUCT_BUNDLE_IDENTIFIER = "TG.-3-4-Module-SwiftUI-FinalProject";
				PRODUCT_NAME = "$(TARGET_NAME)";
				SWIFT_EMIT_LOC_STRINGS = YES;
				SWIFT_VERSION = 5.0;
				TARGETED_DEVICE_FAMILY = "1,2";
			};
			name = Debug;
		};
		054C255D29AD38CA008F55F4 /* Release */ = {
			isa = XCBuildConfiguration;
			buildSettings = {
				ASSETCATALOG_COMPILER_APPICON_NAME = AppIcon;
				ASSETCATALOG_COMPILER_GLOBAL_ACCENT_COLOR_NAME = AccentColor;
				CODE_SIGN_STYLE = Automatic;
				CURRENT_PROJECT_VERSION = 1;
				DEVELOPMENT_ASSET_PATHS = "\"43.4_Module.SwiftUI.FinalProject/Preview Content\"";
				DEVELOPMENT_TEAM = SDG8Q2F8QF;
				ENABLE_PREVIEWS = YES;
				GENERATE_INFOPLIST_FILE = YES;
				INFOPLIST_FILE = "-3-4-Module-SwiftUI-FinalProject-Info.plist";
				INFOPLIST_KEY_UIApplicationSceneManifest_Generation = YES;
				INFOPLIST_KEY_UIApplicationSupportsIndirectInputEvents = YES;
				INFOPLIST_KEY_UILaunchScreen_Generation = YES;
				INFOPLIST_KEY_UISupportedInterfaceOrientations_iPad = "UIInterfaceOrientationPortrait UIInterfaceOrientationPortraitUpsideDown UIInterfaceOrientationLandscapeLeft UIInterfaceOrientationLandscapeRight";
				INFOPLIST_KEY_UISupportedInterfaceOrientations_iPhone = "UIInterfaceOrientationPortrait UIInterfaceOrientationLandscapeLeft UIInterfaceOrientationLandscapeRight";
				LD_RUNPATH_SEARCH_PATHS = (
					"$(inherited)",
					"@executable_path/Frameworks",
				);
				MARKETING_VERSION = 1.0;
				PRODUCT_BUNDLE_IDENTIFIER = "TG.-3-4-Module-SwiftUI-FinalProject";
				PRODUCT_NAME = "$(TARGET_NAME)";
				SWIFT_EMIT_LOC_STRINGS = YES;
				SWIFT_VERSION = 5.0;
				TARGETED_DEVICE_FAMILY = "1,2";
			};
			name = Release;
		};
/* End XCBuildConfiguration section */

/* Begin XCConfigurationList section */
		054C254829AD38C8008F55F4 /* Build configuration list for PBXProject "43.4_Module.SwiftUI.FinalProject" */ = {
			isa = XCConfigurationList;
			buildConfigurations = (
				054C255929AD38CA008F55F4 /* Debug */,
				054C255A29AD38CA008F55F4 /* Release */,
			);
			defaultConfigurationIsVisible = 0;
			defaultConfigurationName = Release;
		};
		054C255B29AD38CA008F55F4 /* Build configuration list for PBXNativeTarget "43.4_Module.SwiftUI.FinalProject" */ = {
			isa = XCConfigurationList;
			buildConfigurations = (
				054C255C29AD38CA008F55F4 /* Debug */,
				054C255D29AD38CA008F55F4 /* Release */,
			);
			defaultConfigurationIsVisible = 0;
			defaultConfigurationName = Release;
		};
/* End XCConfigurationList section */
	};
	rootObject = 054C254529AD38C8008F55F4 /* Project object */;
}
